// !$*UTF8*$!
{
	archiveVersion = 1;
	classes = {
	};
	objectVersion = 54;
	objects = {

/* Begin PBXBuildFile section */
		0316387F25B55BAFB5A83E3A /* Pods_TurbopadTests.framework in Frameworks */ = {isa = PBXBuildFile; fileRef = 4FFECF7F51754F4B47BD5C5A /* Pods_TurbopadTests.framework */; };
		74447AB11EF6AD7400C428B9 /* AppDelegate.swift in Sources */ = {isa = PBXBuildFile; fileRef = 74447AB01EF6AD7400C428B9 /* AppDelegate.swift */; };
		74447AB31EF6AD7400C428B9 /* TrackpadController.swift in Sources */ = {isa = PBXBuildFile; fileRef = 74447AB21EF6AD7400C428B9 /* TrackpadController.swift */; };
		74447AB51EF6AD7400C428B9 /* Assets.xcassets in Resources */ = {isa = PBXBuildFile; fileRef = 74447AB41EF6AD7400C428B9 /* Assets.xcassets */; };
		74447AB81EF6AD7400C428B9 /* Main.storyboard in Resources */ = {isa = PBXBuildFile; fileRef = 74447AB61EF6AD7400C428B9 /* Main.storyboard */; };
		74447AC41EF6AD7400C428B9 /* Magic_DrumpadTests.swift in Sources */ = {isa = PBXBuildFile; fileRef = 74447AC31EF6AD7400C428B9 /* Magic_DrumpadTests.swift */; };
		74447ACF1EF6AD7400C428B9 /* Magic_DrumpadUITests.swift in Sources */ = {isa = PBXBuildFile; fileRef = 74447ACE1EF6AD7400C428B9 /* Magic_DrumpadUITests.swift */; };
		7489205F1EF701800098ABDF /* Player.swift in Sources */ = {isa = PBXBuildFile; fileRef = 7489205E1EF701800098ABDF /* Player.swift */; };
		74F187082115C5220070FB85 /* MidiSender.swift in Sources */ = {isa = PBXBuildFile; fileRef = 74F187072115C5220070FB85 /* MidiSender.swift */; };
		74F1870A2115EF780070FB85 /* SettingsController.swift in Sources */ = {isa = PBXBuildFile; fileRef = 74F187092115EF780070FB85 /* SettingsController.swift */; };
		7B21236C2E6CA977004B1DF7 /* PageHandler.swift in Sources */ = {isa = PBXBuildFile; fileRef = 7B21236B2E6CA971004B1DF7 /* PageHandler.swift */; };
		7B21236E2E6CC352004B1DF7 /* Utils.swift in Sources */ = {isa = PBXBuildFile; fileRef = 7B21236D2E6CC347004B1DF7 /* Utils.swift */; };
		7B2123702E6CC376004B1DF7 /* PadPageHandler.swift in Sources */ = {isa = PBXBuildFile; fileRef = 7B21236F2E6CC373004B1DF7 /* PadPageHandler.swift */; };
		7B2123722E6CC3E6004B1DF7 /* CCPageHandler.swift in Sources */ = {isa = PBXBuildFile; fileRef = 7B2123712E6CC3DB004B1DF7 /* CCPageHandler.swift */; };
		7B2123742E6CC75D004B1DF7 /* SliderBox.swift in Sources */ = {isa = PBXBuildFile; fileRef = 7B2123732E6CC755004B1DF7 /* SliderBox.swift */; };
		7B2123762E6CD4E9004B1DF7 /* XYBox.swift in Sources */ = {isa = PBXBuildFile; fileRef = 7B2123752E6CD4E5004B1DF7 /* XYBox.swift */; };
		7B2123782E6CE1E2004B1DF7 /* PrivacyInfo.xcprivacy in Resources */ = {isa = PBXBuildFile; fileRef = 7B2123772E6CE1E2004B1DF7 /* PrivacyInfo.xcprivacy */; };
		7BDE737F2E75D9C200DFAC94 /* GuitarPageHandler.swift in Sources */ = {isa = PBXBuildFile; fileRef = 7BDE737E2E75D9C200DFAC94 /* GuitarPageHandler.swift */; };
		7BDE73812E75E92500DFAC94 /* ThreadSafeDictionary.swift in Sources */ = {isa = PBXBuildFile; fileRef = 7BDE73802E75E92500DFAC94 /* ThreadSafeDictionary.swift */; };
		8C0E7799B9D46DC1D904ED28 /* Pods_Turbopad.framework in Frameworks */ = {isa = PBXBuildFile; fileRef = B6ADCB483E94A97DCF159CDC /* Pods_Turbopad.framework */; };
		D04F8803AE5CAFE42C6D50CA /* Pods_TurbopadUITests.framework in Frameworks */ = {isa = PBXBuildFile; fileRef = F9158DB80CEB365E5A4492B4 /* Pods_TurbopadUITests.framework */; };
/* End PBXBuildFile section */

/* Begin PBXContainerItemProxy section */
		74447AC01EF6AD7400C428B9 /* PBXContainerItemProxy */ = {
			isa = PBXContainerItemProxy;
			containerPortal = 74447AA51EF6AD7400C428B9 /* Project object */;
			proxyType = 1;
			remoteGlobalIDString = 74447AAC1EF6AD7400C428B9;
			remoteInfo = "Turbopad";
		};
		74447ACB1EF6AD7400C428B9 /* PBXContainerItemProxy */ = {
			isa = PBXContainerItemProxy;
			containerPortal = 74447AA51EF6AD7400C428B9 /* Project object */;
			proxyType = 1;
			remoteGlobalIDString = 74447AAC1EF6AD7400C428B9;
			remoteInfo = "Turbopad";
		};
/* End PBXContainerItemProxy section */

/* Begin PBXFileReference section */
		0013CDBAF3E6E5E9BF1DE546 /* Pods-TurbopadTests.release.xcconfig */ = {isa = PBXFileReference; includeInIndex = 1; lastKnownFileType = text.xcconfig; name = "Pods-TurbopadTests.release.xcconfig"; path = "Pods/Target Support Files/Pods-TurbopadTests/Pods-TurbopadTests.release.xcconfig"; sourceTree = "<group>"; };
		11B6C9C824A892DB78522392 /* Pods-TurbopadUITests.debug.xcconfig */ = {isa = PBXFileReference; includeInIndex = 1; lastKnownFileType = text.xcconfig; name = "Pods-TurbopadUITests.debug.xcconfig"; path = "Pods/Target Support Files/Pods-TurbopadUITests/Pods-TurbopadUITests.debug.xcconfig"; sourceTree = "<group>"; };
		4FCC6E4E1F84F8FE9D246495 /* Pods-Turbopad.debug.xcconfig */ = {isa = PBXFileReference; includeInIndex = 1; lastKnownFileType = text.xcconfig; name = "Pods-Turbopad.debug.xcconfig"; path = "Pods/Target Support Files/Pods-Turbopad/Pods-Turbopad.debug.xcconfig"; sourceTree = "<group>"; };
		4FFECF7F51754F4B47BD5C5A /* Pods_TurbopadTests.framework */ = {isa = PBXFileReference; explicitFileType = wrapper.framework; includeInIndex = 0; path = Pods_TurbopadTests.framework; sourceTree = BUILT_PRODUCTS_DIR; };
		5542E743CB8118FB3F45BB91 /* Pods-Turbopad.release.xcconfig */ = {isa = PBXFileReference; includeInIndex = 1; lastKnownFileType = text.xcconfig; name = "Pods-Turbopad.release.xcconfig"; path = "Pods/Target Support Files/Pods-Turbopad/Pods-Turbopad.release.xcconfig"; sourceTree = "<group>"; };
		741F36A21EF86BC800F65538 /* README.md */ = {isa = PBXFileReference; lastKnownFileType = net.daringfireball.markdown; path = README.md; sourceTree = "<group>"; };
		74447AAD1EF6AD7400C428B9 /* Turbopad.app */ = {isa = PBXFileReference; explicitFileType = wrapper.application; includeInIndex = 0; path = Turbopad.app; sourceTree = BUILT_PRODUCTS_DIR; };
		74447AB01EF6AD7400C428B9 /* AppDelegate.swift */ = {isa = PBXFileReference; lastKnownFileType = sourcecode.swift; path = AppDelegate.swift; sourceTree = "<group>"; };
		74447AB21EF6AD7400C428B9 /* TrackpadController.swift */ = {isa = PBXFileReference; lastKnownFileType = sourcecode.swift; path = TrackpadController.swift; sourceTree = "<group>"; };
		74447AB41EF6AD7400C428B9 /* Assets.xcassets */ = {isa = PBXFileReference; lastKnownFileType = folder.assetcatalog; path = Assets.xcassets; sourceTree = "<group>"; };
		74447AB71EF6AD7400C428B9 /* Base */ = {isa = PBXFileReference; lastKnownFileType = file.storyboard; name = Base; path = Base.lproj/Main.storyboard; sourceTree = "<group>"; };
		74447AB91EF6AD7400C428B9 /* Info.plist */ = {isa = PBXFileReference; lastKnownFileType = text.plist.xml; path = Info.plist; sourceTree = "<group>"; };
		74447ABF1EF6AD7400C428B9 /* TurbopadTests.xctest */ = {isa = PBXFileReference; explicitFileType = wrapper.cfbundle; includeInIndex = 0; path = TurbopadTests.xctest; sourceTree = BUILT_PRODUCTS_DIR; };
		74447AC31EF6AD7400C428B9 /* Magic_DrumpadTests.swift */ = {isa = PBXFileReference; lastKnownFileType = sourcecode.swift; path = Magic_DrumpadTests.swift; sourceTree = "<group>"; };
		74447AC51EF6AD7400C428B9 /* Info.plist */ = {isa = PBXFileReference; lastKnownFileType = text.plist.xml; path = Info.plist; sourceTree = "<group>"; };
		74447ACA1EF6AD7400C428B9 /* TurbopadUITests.xctest */ = {isa = PBXFileReference; explicitFileType = wrapper.cfbundle; includeInIndex = 0; path = TurbopadUITests.xctest; sourceTree = BUILT_PRODUCTS_DIR; };
		74447ACE1EF6AD7400C428B9 /* Magic_DrumpadUITests.swift */ = {isa = PBXFileReference; lastKnownFileType = sourcecode.swift; path = Magic_DrumpadUITests.swift; sourceTree = "<group>"; };
		74447AD01EF6AD7400C428B9 /* Info.plist */ = {isa = PBXFileReference; lastKnownFileType = text.plist.xml; path = Info.plist; sourceTree = "<group>"; };
		7489205E1EF701800098ABDF /* Player.swift */ = {isa = PBXFileReference; lastKnownFileType = sourcecode.swift; path = Player.swift; sourceTree = "<group>"; };
		74F187072115C5220070FB85 /* MidiSender.swift */ = {isa = PBXFileReference; lastKnownFileType = sourcecode.swift; path = MidiSender.swift; sourceTree = "<group>"; };
		74F187092115EF780070FB85 /* SettingsController.swift */ = {isa = PBXFileReference; lastKnownFileType = sourcecode.swift; path = SettingsController.swift; sourceTree = "<group>"; };
		7B21236B2E6CA971004B1DF7 /* PageHandler.swift */ = {isa = PBXFileReference; lastKnownFileType = sourcecode.swift; path = PageHandler.swift; sourceTree = "<group>"; };
		7B21236D2E6CC347004B1DF7 /* Utils.swift */ = {isa = PBXFileReference; lastKnownFileType = sourcecode.swift; path = Utils.swift; sourceTree = "<group>"; };
		7B21236F2E6CC373004B1DF7 /* PadPageHandler.swift */ = {isa = PBXFileReference; lastKnownFileType = sourcecode.swift; path = PadPageHandler.swift; sourceTree = "<group>"; };
		7B2123712E6CC3DB004B1DF7 /* CCPageHandler.swift */ = {isa = PBXFileReference; lastKnownFileType = sourcecode.swift; path = CCPageHandler.swift; sourceTree = "<group>"; };
		7B2123732E6CC755004B1DF7 /* SliderBox.swift */ = {isa = PBXFileReference; lastKnownFileType = sourcecode.swift; path = SliderBox.swift; sourceTree = "<group>"; };
		7B2123752E6CD4E5004B1DF7 /* XYBox.swift */ = {isa = PBXFileReference; lastKnownFileType = sourcecode.swift; path = XYBox.swift; sourceTree = "<group>"; };
		7B2123772E6CE1E2004B1DF7 /* PrivacyInfo.xcprivacy */ = {isa = PBXFileReference; lastKnownFileType = text.xml; path = PrivacyInfo.xcprivacy; sourceTree = "<group>"; };
		7B95422B2E75F90700F06FD1 /* Turbopad.entitlements */ = {isa = PBXFileReference; lastKnownFileType = text.plist.entitlements; path = Turbopad.entitlements; sourceTree = "<group>"; };
		7BDE737E2E75D9C200DFAC94 /* GuitarPageHandler.swift */ = {isa = PBXFileReference; lastKnownFileType = sourcecode.swift; path = GuitarPageHandler.swift; sourceTree = "<group>"; };
		7BDE73802E75E92500DFAC94 /* ThreadSafeDictionary.swift */ = {isa = PBXFileReference; lastKnownFileType = sourcecode.swift; path = ThreadSafeDictionary.swift; sourceTree = "<group>"; };
		843C571E80EEEF5BF356F2DB /* Pods-TurbopadTests.debug.xcconfig */ = {isa = PBXFileReference; includeInIndex = 1; lastKnownFileType = text.xcconfig; name = "Pods-TurbopadTests.debug.xcconfig"; path = "Pods/Target Support Files/Pods-TurbopadTests/Pods-TurbopadTests.debug.xcconfig"; sourceTree = "<group>"; };
		A2C5A07DD564FDBE9F1257C5 /* Pods-TurbopadUITests.release.xcconfig */ = {isa = PBXFileReference; includeInIndex = 1; lastKnownFileType = text.xcconfig; name = "Pods-TurbopadUITests.release.xcconfig"; path = "Pods/Target Support Files/Pods-TurbopadUITests/Pods-TurbopadUITests.release.xcconfig"; sourceTree = "<group>"; };
		B6ADCB483E94A97DCF159CDC /* Pods_Turbopad.framework */ = {isa = PBXFileReference; explicitFileType = wrapper.framework; includeInIndex = 0; path = Pods_Turbopad.framework; sourceTree = BUILT_PRODUCTS_DIR; };
		F9158DB80CEB365E5A4492B4 /* Pods_TurbopadUITests.framework */ = {isa = PBXFileReference; explicitFileType = wrapper.framework; includeInIndex = 0; path = Pods_TurbopadUITests.framework; sourceTree = BUILT_PRODUCTS_DIR; };
/* End PBXFileReference section */

/* Begin PBXFrameworksBuildPhase section */
		74447AAA1EF6AD7400C428B9 /* Frameworks */ = {
			isa = PBXFrameworksBuildPhase;
			buildActionMask = 2147483647;
			files = (
				8C0E7799B9D46DC1D904ED28 /* Pods_Turbopad.framework in Frameworks */,
			);
			runOnlyForDeploymentPostprocessing = 0;
		};
		74447ABC1EF6AD7400C428B9 /* Frameworks */ = {
			isa = PBXFrameworksBuildPhase;
			buildActionMask = 2147483647;
			files = (
				0316387F25B55BAFB5A83E3A /* Pods_TurbopadTests.framework in Frameworks */,
			);
			runOnlyForDeploymentPostprocessing = 0;
		};
		74447AC71EF6AD7400C428B9 /* Frameworks */ = {
			isa = PBXFrameworksBuildPhase;
			buildActionMask = 2147483647;
			files = (
				D04F8803AE5CAFE42C6D50CA /* Pods_TurbopadUITests.framework in Frameworks */,
			);
			runOnlyForDeploymentPostprocessing = 0;
		};
/* End PBXFrameworksBuildPhase section */

/* Begin PBXGroup section */
		19579748F8F2949B113FC36C /* Frameworks */ = {
			isa = PBXGroup;
			children = (
				B6ADCB483E94A97DCF159CDC /* Pods_Turbopad.framework */,
				4FFECF7F51754F4B47BD5C5A /* Pods_TurbopadTests.framework */,
				F9158DB80CEB365E5A4492B4 /* Pods_TurbopadUITests.framework */,
			);
			name = Frameworks;
			sourceTree = "<group>";
		};
		74447AA41EF6AD7400C428B9 = {
			isa = PBXGroup;
			children = (
				741F36A21EF86BC800F65538 /* README.md */,
				74447AAF1EF6AD7400C428B9 /* Turbopad */,
				74447AC21EF6AD7400C428B9 /* TurbopadTests */,
				74447ACD1EF6AD7400C428B9 /* TurbopadUITests */,
				74447AAE1EF6AD7400C428B9 /* Products */,
				8373A68E4068AB2BF4531AC2 /* Pods */,
				19579748F8F2949B113FC36C /* Frameworks */,
			);
			sourceTree = "<group>";
		};
		74447AAE1EF6AD7400C428B9 /* Products */ = {
			isa = PBXGroup;
			children = (
				74447AAD1EF6AD7400C428B9 /* Turbopad.app */,
				74447ABF1EF6AD7400C428B9 /* TurbopadTests.xctest */,
				74447ACA1EF6AD7400C428B9 /* TurbopadUITests.xctest */,
			);
			name = Products;
			sourceTree = "<group>";
		};
		74447AAF1EF6AD7400C428B9 /* Turbopad */ = {
			isa = PBXGroup;
			children = (
				7B95422B2E75F90700F06FD1 /* Turbopad.entitlements */,
				7BDE73802E75E92500DFAC94 /* ThreadSafeDictionary.swift */,
				7B2123732E6CC755004B1DF7 /* SliderBox.swift */,
				7B2123752E6CD4E5004B1DF7 /* XYBox.swift */,
				7B2123712E6CC3DB004B1DF7 /* CCPageHandler.swift */,
				7B21236F2E6CC373004B1DF7 /* PadPageHandler.swift */,
				7BDE737E2E75D9C200DFAC94 /* GuitarPageHandler.swift */,
				7B21236D2E6CC347004B1DF7 /* Utils.swift */,
				7B21236B2E6CA971004B1DF7 /* PageHandler.swift */,
				74447AB01EF6AD7400C428B9 /* AppDelegate.swift */,
				74447AB21EF6AD7400C428B9 /* TrackpadController.swift */,
				74F187092115EF780070FB85 /* SettingsController.swift */,
				7489205E1EF701800098ABDF /* Player.swift */,
				74F187072115C5220070FB85 /* MidiSender.swift */,
				74447AB41EF6AD7400C428B9 /* Assets.xcassets */,
				74447AB61EF6AD7400C428B9 /* Main.storyboard */,
				74447AB91EF6AD7400C428B9 /* Info.plist */,
				7B2123772E6CE1E2004B1DF7 /* PrivacyInfo.xcprivacy */,
			);
			path = Turbopad;
			sourceTree = "<group>";
		};
		74447AC21EF6AD7400C428B9 /* TurbopadTests */ = {
			isa = PBXGroup;
			children = (
				74447AC31EF6AD7400C428B9 /* Magic_DrumpadTests.swift */,
				74447AC51EF6AD7400C428B9 /* Info.plist */,
			);
			path = TurbopadTests;
			sourceTree = "<group>";
		};
		74447ACD1EF6AD7400C428B9 /* TurbopadUITests */ = {
			isa = PBXGroup;
			children = (
				74447ACE1EF6AD7400C428B9 /* Magic_DrumpadUITests.swift */,
				74447AD01EF6AD7400C428B9 /* Info.plist */,
			);
			path = TurbopadUITests;
			sourceTree = "<group>";
		};
		8373A68E4068AB2BF4531AC2 /* Pods */ = {
			isa = PBXGroup;
			children = (
				4FCC6E4E1F84F8FE9D246495 /* Pods-Turbopad.debug.xcconfig */,
				5542E743CB8118FB3F45BB91 /* Pods-Turbopad.release.xcconfig */,
				843C571E80EEEF5BF356F2DB /* Pods-TurbopadTests.debug.xcconfig */,
				0013CDBAF3E6E5E9BF1DE546 /* Pods-TurbopadTests.release.xcconfig */,
				11B6C9C824A892DB78522392 /* Pods-TurbopadUITests.debug.xcconfig */,
				A2C5A07DD564FDBE9F1257C5 /* Pods-TurbopadUITests.release.xcconfig */,
			);
			name = Pods;
			sourceTree = "<group>";
		};
/* End PBXGroup section */

/* Begin PBXNativeTarget section */
		74447AAC1EF6AD7400C428B9 /* Turbopad */ = {
			isa = PBXNativeTarget;
			buildConfigurationList = 74447AD31EF6AD7400C428B9 /* Build configuration list for PBXNativeTarget "Turbopad" */;
			buildPhases = (
				014C2570122D3AF107253890 /* [CP] Check Pods Manifest.lock */,
				74447AA91EF6AD7400C428B9 /* Sources */,
				74447AAA1EF6AD7400C428B9 /* Frameworks */,
				74447AAB1EF6AD7400C428B9 /* Resources */,
				6C3A1228D578392384DA186A /* [CP] Embed Pods Frameworks */,
			);
			buildRules = (
			);
			dependencies = (
			);
			name = Turbopad;
			productName = "Turbopad";
			productReference = 74447AAD1EF6AD7400C428B9 /* Turbopad.app */;
			productType = "com.apple.product-type.application";
		};
		74447ABE1EF6AD7400C428B9 /* TurbopadTests */ = {
			isa = PBXNativeTarget;
			buildConfigurationList = 74447AD61EF6AD7400C428B9 /* Build configuration list for PBXNativeTarget "TurbopadTests" */;
			buildPhases = (
				BF779AA0A07080E428ED830B /* [CP] Check Pods Manifest.lock */,
				74447ABB1EF6AD7400C428B9 /* Sources */,
				74447ABC1EF6AD7400C428B9 /* Frameworks */,
				74447ABD1EF6AD7400C428B9 /* Resources */,
			);
			buildRules = (
			);
			dependencies = (
				74447AC11EF6AD7400C428B9 /* PBXTargetDependency */,
			);
			name = TurbopadTests;
			productName = "TurbopadTests";
			productReference = 74447ABF1EF6AD7400C428B9 /* TurbopadTests.xctest */;
			productType = "com.apple.product-type.bundle.unit-test";
		};
		74447AC91EF6AD7400C428B9 /* TurbopadUITests */ = {
			isa = PBXNativeTarget;
			buildConfigurationList = 74447AD91EF6AD7400C428B9 /* Build configuration list for PBXNativeTarget "TurbopadUITests" */;
			buildPhases = (
				DCE7C8EB1563E0F0C3F8963A /* [CP] Check Pods Manifest.lock */,
				74447AC61EF6AD7400C428B9 /* Sources */,
				74447AC71EF6AD7400C428B9 /* Frameworks */,
				74447AC81EF6AD7400C428B9 /* Resources */,
			);
			buildRules = (
			);
			dependencies = (
				74447ACC1EF6AD7400C428B9 /* PBXTargetDependency */,
			);
			name = TurbopadUITests;
			productName = "TurbopadUITests";
			productReference = 74447ACA1EF6AD7400C428B9 /* TurbopadUITests.xctest */;
			productType = "com.apple.product-type.bundle.ui-testing";
		};
/* End PBXNativeTarget section */

/* Begin PBXProject section */
		74447AA51EF6AD7400C428B9 /* Project object */ = {
			isa = PBXProject;
			attributes = {
				BuildIndependentTargetsInParallel = YES;
				LastSwiftUpdateCheck = 0900;
				LastUpgradeCheck = 1600;
				ORGANIZATIONNAME = "Damiaan Dufaux";
				TargetAttributes = {
					74447AAC1EF6AD7400C428B9 = {
						CreatedOnToolsVersion = 9.0;
						LastSwiftMigration = 1000;
						SystemCapabilities = {
							com.apple.HardenedRuntime = {
								enabled = 1;
							};
							com.apple.Sandbox = {
								enabled = 1;
							};
						};
					};
					74447ABE1EF6AD7400C428B9 = {
						CreatedOnToolsVersion = 9.0;
						LastSwiftMigration = 1000;
						TestTargetID = 74447AAC1EF6AD7400C428B9;
					};
					74447AC91EF6AD7400C428B9 = {
						CreatedOnToolsVersion = 9.0;
						LastSwiftMigration = 1000;
						TestTargetID = 74447AAC1EF6AD7400C428B9;
					};
				};
			};
			buildConfigurationList = 74447AA81EF6AD7400C428B9 /* Build configuration list for PBXProject "Turbopad" */;
			compatibilityVersion = "Xcode 8.0";
			developmentRegion = en;
			hasScannedForEncodings = 0;
			knownRegions = (
				en,
				Base,
			);
			mainGroup = 74447AA41EF6AD7400C428B9;
			productRefGroup = 74447AAE1EF6AD7400C428B9 /* Products */;
			projectDirPath = "";
			projectRoot = "";
			targets = (
				74447AAC1EF6AD7400C428B9 /* Turbopad */,
				74447ABE1EF6AD7400C428B9 /* TurbopadTests */,
				74447AC91EF6AD7400C428B9 /* TurbopadUITests */,
			);
		};
/* End PBXProject section */

/* Begin PBXResourcesBuildPhase section */
		74447AAB1EF6AD7400C428B9 /* Resources */ = {
			isa = PBXResourcesBuildPhase;
			buildActionMask = 2147483647;
			files = (
				7B2123782E6CE1E2004B1DF7 /* PrivacyInfo.xcprivacy in Resources */,
				74447AB51EF6AD7400C428B9 /* Assets.xcassets in Resources */,
				74447AB81EF6AD7400C428B9 /* Main.storyboard in Resources */,
			);
			runOnlyForDeploymentPostprocessing = 0;
		};
		74447ABD1EF6AD7400C428B9 /* Resources */ = {
			isa = PBXResourcesBuildPhase;
			buildActionMask = 2147483647;
			files = (
			);
			runOnlyForDeploymentPostprocessing = 0;
		};
		74447AC81EF6AD7400C428B9 /* Resources */ = {
			isa = PBXResourcesBuildPhase;
			buildActionMask = 2147483647;
			files = (
			);
			runOnlyForDeploymentPostprocessing = 0;
		};
/* End PBXResourcesBuildPhase section */

/* Begin PBXShellScriptBuildPhase section */
		014C2570122D3AF107253890 /* [CP] Check Pods Manifest.lock */ = {
			isa = PBXShellScriptBuildPhase;
			buildActionMask = 2147483647;
			files = (
			);
			inputPaths = (
				"${PODS_PODFILE_DIR_PATH}/Podfile.lock",
				"${PODS_ROOT}/Manifest.lock",
			);
			name = "[CP] Check Pods Manifest.lock";
			outputPaths = (
				"$(DERIVED_FILE_DIR)/Pods-Turbopad-checkManifestLockResult.txt",
			);
			runOnlyForDeploymentPostprocessing = 0;
			shellPath = /bin/sh;
			shellScript = "diff \"${PODS_PODFILE_DIR_PATH}/Podfile.lock\" \"${PODS_ROOT}/Manifest.lock\" > /dev/null\nif [ $? != 0 ] ; then\n    # print error to STDERR\n    echo \"error: The sandbox is not in sync with the Podfile.lock. Run 'pod install' or update your CocoaPods installation.\" >&2\n    exit 1\nfi\n# This output is used by Xcode 'outputs' to avoid re-running this script phase.\necho \"SUCCESS\" > \"${SCRIPT_OUTPUT_FILE_0}\"\n";
			showEnvVarsInLog = 0;
		};
		6C3A1228D578392384DA186A /* [CP] Embed Pods Frameworks */ = {
			isa = PBXShellScriptBuildPhase;
			buildActionMask = 2147483647;
			files = (
			);
			inputPaths = (
				"${PODS_ROOT}/Target Support Files/Pods-Turbopad/Pods-Turbopad-frameworks.sh",
				"${BUILT_PRODUCTS_DIR}/HotKey/HotKey.framework",
				"${BUILT_PRODUCTS_DIR}/M5MultitouchSupport/M5MultitouchSupport.framework",
			);
			name = "[CP] Embed Pods Frameworks";
			outputPaths = (
				"${TARGET_BUILD_DIR}/${FRAMEWORKS_FOLDER_PATH}/HotKey.framework",
				"${TARGET_BUILD_DIR}/${FRAMEWORKS_FOLDER_PATH}/M5MultitouchSupport.framework",
			);
			runOnlyForDeploymentPostprocessing = 0;
			shellPath = /bin/sh;
			shellScript = "\"${PODS_ROOT}/Target Support Files/Pods-Turbopad/Pods-Turbopad-frameworks.sh\"\n";
			showEnvVarsInLog = 0;
		};
		BF779AA0A07080E428ED830B /* [CP] Check Pods Manifest.lock */ = {
			isa = PBXShellScriptBuildPhase;
			buildActionMask = 2147483647;
			files = (
			);
			inputPaths = (
				"${PODS_PODFILE_DIR_PATH}/Podfile.lock",
				"${PODS_ROOT}/Manifest.lock",
			);
			name = "[CP] Check Pods Manifest.lock";
			outputPaths = (
				"$(DERIVED_FILE_DIR)/Pods-TurbopadTests-checkManifestLockResult.txt",
			);
			runOnlyForDeploymentPostprocessing = 0;
			shellPath = /bin/sh;
			shellScript = "diff \"${PODS_PODFILE_DIR_PATH}/Podfile.lock\" \"${PODS_ROOT}/Manifest.lock\" > /dev/null\nif [ $? != 0 ] ; then\n    # print error to STDERR\n    echo \"error: The sandbox is not in sync with the Podfile.lock. Run 'pod install' or update your CocoaPods installation.\" >&2\n    exit 1\nfi\n# This output is used by Xcode 'outputs' to avoid re-running this script phase.\necho \"SUCCESS\" > \"${SCRIPT_OUTPUT_FILE_0}\"\n";
			showEnvVarsInLog = 0;
		};
		DCE7C8EB1563E0F0C3F8963A /* [CP] Check Pods Manifest.lock */ = {
			isa = PBXShellScriptBuildPhase;
			buildActionMask = 2147483647;
			files = (
			);
			inputPaths = (
				"${PODS_PODFILE_DIR_PATH}/Podfile.lock",
				"${PODS_ROOT}/Manifest.lock",
			);
			name = "[CP] Check Pods Manifest.lock";
			outputPaths = (
				"$(DERIVED_FILE_DIR)/Pods-TurbopadUITests-checkManifestLockResult.txt",
			);
			runOnlyForDeploymentPostprocessing = 0;
			shellPath = /bin/sh;
			shellScript = "diff \"${PODS_PODFILE_DIR_PATH}/Podfile.lock\" \"${PODS_ROOT}/Manifest.lock\" > /dev/null\nif [ $? != 0 ] ; then\n    # print error to STDERR\n    echo \"error: The sandbox is not in sync with the Podfile.lock. Run 'pod install' or update your CocoaPods installation.\" >&2\n    exit 1\nfi\n# This output is used by Xcode 'outputs' to avoid re-running this script phase.\necho \"SUCCESS\" > \"${SCRIPT_OUTPUT_FILE_0}\"\n";
			showEnvVarsInLog = 0;
		};
/* End PBXShellScriptBuildPhase section */

/* Begin PBXSourcesBuildPhase section */
		74447AA91EF6AD7400C428B9 /* Sources */ = {
			isa = PBXSourcesBuildPhase;
			buildActionMask = 2147483647;
			files = (
				7489205F1EF701800098ABDF /* Player.swift in Sources */,
				74F1870A2115EF780070FB85 /* SettingsController.swift in Sources */,
				7BDE73812E75E92500DFAC94 /* ThreadSafeDictionary.swift in Sources */,
				74447AB31EF6AD7400C428B9 /* TrackpadController.swift in Sources */,
				7B21236E2E6CC352004B1DF7 /* Utils.swift in Sources */,
				7B2123722E6CC3E6004B1DF7 /* CCPageHandler.swift in Sources */,
				74447AB11EF6AD7400C428B9 /* AppDelegate.swift in Sources */,
				7B2123702E6CC376004B1DF7 /* PadPageHandler.swift in Sources */,
				7BDE737F2E75D9C200DFAC94 /* GuitarPageHandler.swift in Sources */,
				74F187082115C5220070FB85 /* MidiSender.swift in Sources */,
				7B2123742E6CC75D004B1DF7 /* SliderBox.swift in Sources */,
				7B21236C2E6CA977004B1DF7 /* PageHandler.swift in Sources */,
				7B2123762E6CD4E9004B1DF7 /* XYBox.swift in Sources */,
			);
			runOnlyForDeploymentPostprocessing = 0;
		};
		74447ABB1EF6AD7400C428B9 /* Sources */ = {
			isa = PBXSourcesBuildPhase;
			buildActionMask = 2147483647;
			files = (
				74447AC41EF6AD7400C428B9 /* Magic_DrumpadTests.swift in Sources */,
			);
			runOnlyForDeploymentPostprocessing = 0;
		};
		74447AC61EF6AD7400C428B9 /* Sources */ = {
			isa = PBXSourcesBuildPhase;
			buildActionMask = 2147483647;
			files = (
				74447ACF1EF6AD7400C428B9 /* Magic_DrumpadUITests.swift in Sources */,
			);
			runOnlyForDeploymentPostprocessing = 0;
		};
/* End PBXSourcesBuildPhase section */

/* Begin PBXTargetDependency section */
		74447AC11EF6AD7400C428B9 /* PBXTargetDependency */ = {
			isa = PBXTargetDependency;
			target = 74447AAC1EF6AD7400C428B9 /* Turbopad */;
			targetProxy = 74447AC01EF6AD7400C428B9 /* PBXContainerItemProxy */;
		};
		74447ACC1EF6AD7400C428B9 /* PBXTargetDependency */ = {
			isa = PBXTargetDependency;
			target = 74447AAC1EF6AD7400C428B9 /* Turbopad */;
			targetProxy = 74447ACB1EF6AD7400C428B9 /* PBXContainerItemProxy */;
		};
/* End PBXTargetDependency section */

/* Begin PBXVariantGroup section */
		74447AB61EF6AD7400C428B9 /* Main.storyboard */ = {
			isa = PBXVariantGroup;
			children = (
				74447AB71EF6AD7400C428B9 /* Base */,
			);
			name = Main.storyboard;
			sourceTree = "<group>";
		};
/* End PBXVariantGroup section */

/* Begin XCBuildConfiguration section */
		74447AD11EF6AD7400C428B9 /* Debug */ = {
			isa = XCBuildConfiguration;
			buildSettings = {
				ALWAYS_SEARCH_USER_PATHS = NO;
				CLANG_ANALYZER_NONNULL = YES;
				CLANG_ANALYZER_NUMBER_OBJECT_CONVERSION = YES_AGGRESSIVE;
				CLANG_CXX_LANGUAGE_STANDARD = "gnu++14";
				CLANG_CXX_LIBRARY = "libc++";
				CLANG_ENABLE_MODULES = YES;
				CLANG_ENABLE_OBJC_ARC = YES;
				CLANG_WARN_BLOCK_CAPTURE_AUTORELEASING = YES;
				CLANG_WARN_BOOL_CONVERSION = YES;
				CLANG_WARN_COMMA = YES;
				CLANG_WARN_CONSTANT_CONVERSION = YES;
				CLANG_WARN_DEPRECATED_OBJC_IMPLEMENTATIONS = YES;
				CLANG_WARN_DIRECT_OBJC_ISA_USAGE = YES_ERROR;
				CLANG_WARN_DOCUMENTATION_COMMENTS = YES;
				CLANG_WARN_EMPTY_BODY = YES;
				CLANG_WARN_ENUM_CONVERSION = YES;
				CLANG_WARN_INFINITE_RECURSION = YES;
				CLANG_WARN_INT_CONVERSION = YES;
				CLANG_WARN_NON_LITERAL_NULL_CONVERSION = YES;
				CLANG_WARN_OBJC_IMPLICIT_RETAIN_SELF = YES;
				CLANG_WARN_OBJC_LITERAL_CONVERSION = YES;
				CLANG_WARN_OBJC_ROOT_CLASS = YES_ERROR;
				CLANG_WARN_QUOTED_INCLUDE_IN_FRAMEWORK_HEADER = YES;
				CLANG_WARN_RANGE_LOOP_ANALYSIS = YES;
				CLANG_WARN_STRICT_PROTOTYPES = YES;
				CLANG_WARN_SUSPICIOUS_MOVE = YES;
				CLANG_WARN_UNGUARDED_AVAILABILITY = YES_AGGRESSIVE;
				CLANG_WARN_UNREACHABLE_CODE = YES;
				CLANG_WARN__DUPLICATE_METHOD_MATCH = YES;
				CODE_SIGN_IDENTITY = "Mac Developer";
				COPY_PHASE_STRIP = NO;
				DEAD_CODE_STRIPPING = YES;
				DEBUG_INFORMATION_FORMAT = dwarf;
				ENABLE_STRICT_OBJC_MSGSEND = YES;
				ENABLE_TESTABILITY = YES;
				ENABLE_USER_SCRIPT_SANDBOXING = NO;
				GCC_C_LANGUAGE_STANDARD = gnu11;
				GCC_DYNAMIC_NO_PIC = NO;
				GCC_NO_COMMON_BLOCKS = YES;
				GCC_OPTIMIZATION_LEVEL = 0;
				GCC_PREPROCESSOR_DEFINITIONS = (
					"DEBUG=1",
					"$(inherited)",
				);
				GCC_WARN_64_TO_32_BIT_CONVERSION = YES;
				GCC_WARN_ABOUT_RETURN_TYPE = YES_ERROR;
				GCC_WARN_UNDECLARED_SELECTOR = YES;
				GCC_WARN_UNINITIALIZED_AUTOS = YES_AGGRESSIVE;
				GCC_WARN_UNUSED_FUNCTION = YES;
				GCC_WARN_UNUSED_VARIABLE = YES;
				MACOSX_DEPLOYMENT_TARGET = 11.5;
				MTL_ENABLE_DEBUG_INFO = YES;
				ONLY_ACTIVE_ARCH = YES;
				SDKROOT = macosx;
				SWIFT_ACTIVE_COMPILATION_CONDITIONS = DEBUG;
				SWIFT_OPTIMIZATION_LEVEL = "-Onone";
			};
			name = Debug;
		};
		74447AD21EF6AD7400C428B9 /* Release */ = {
			isa = XCBuildConfiguration;
			buildSettings = {
				ALWAYS_SEARCH_USER_PATHS = NO;
				CLANG_ANALYZER_NONNULL = YES;
				CLANG_ANALYZER_NUMBER_OBJECT_CONVERSION = YES_AGGRESSIVE;
				CLANG_CXX_LANGUAGE_STANDARD = "gnu++14";
				CLANG_CXX_LIBRARY = "libc++";
				CLANG_ENABLE_MODULES = YES;
				CLANG_ENABLE_OBJC_ARC = YES;
				CLANG_WARN_BLOCK_CAPTURE_AUTORELEASING = YES;
				CLANG_WARN_BOOL_CONVERSION = YES;
				CLANG_WARN_COMMA = YES;
				CLANG_WARN_CONSTANT_CONVERSION = YES;
				CLANG_WARN_DEPRECATED_OBJC_IMPLEMENTATIONS = YES;
				CLANG_WARN_DIRECT_OBJC_ISA_USAGE = YES_ERROR;
				CLANG_WARN_DOCUMENTATION_COMMENTS = YES;
				CLANG_WARN_EMPTY_BODY = YES;
				CLANG_WARN_ENUM_CONVERSION = YES;
				CLANG_WARN_INFINITE_RECURSION = YES;
				CLANG_WARN_INT_CONVERSION = YES;
				CLANG_WARN_NON_LITERAL_NULL_CONVERSION = YES;
				CLANG_WARN_OBJC_IMPLICIT_RETAIN_SELF = YES;
				CLANG_WARN_OBJC_LITERAL_CONVERSION = YES;
				CLANG_WARN_OBJC_ROOT_CLASS = YES_ERROR;
				CLANG_WARN_QUOTED_INCLUDE_IN_FRAMEWORK_HEADER = YES;
				CLANG_WARN_RANGE_LOOP_ANALYSIS = YES;
				CLANG_WARN_STRICT_PROTOTYPES = YES;
				CLANG_WARN_SUSPICIOUS_MOVE = YES;
				CLANG_WARN_UNGUARDED_AVAILABILITY = YES_AGGRESSIVE;
				CLANG_WARN_UNREACHABLE_CODE = YES;
				CLANG_WARN__DUPLICATE_METHOD_MATCH = YES;
				CODE_SIGN_IDENTITY = "Mac Developer";
				COPY_PHASE_STRIP = NO;
				DEAD_CODE_STRIPPING = YES;
				DEBUG_INFORMATION_FORMAT = "dwarf-with-dsym";
				ENABLE_NS_ASSERTIONS = NO;
				ENABLE_STRICT_OBJC_MSGSEND = YES;
				ENABLE_USER_SCRIPT_SANDBOXING = NO;
				GCC_C_LANGUAGE_STANDARD = gnu11;
				GCC_NO_COMMON_BLOCKS = YES;
				GCC_WARN_64_TO_32_BIT_CONVERSION = YES;
				GCC_WARN_ABOUT_RETURN_TYPE = YES_ERROR;
				GCC_WARN_UNDECLARED_SELECTOR = YES;
				GCC_WARN_UNINITIALIZED_AUTOS = YES_AGGRESSIVE;
				GCC_WARN_UNUSED_FUNCTION = YES;
				GCC_WARN_UNUSED_VARIABLE = YES;
				MACOSX_DEPLOYMENT_TARGET = 11.5;
				MTL_ENABLE_DEBUG_INFO = NO;
				SDKROOT = macosx;
				SWIFT_COMPILATION_MODE = wholemodule;
				SWIFT_OPTIMIZATION_LEVEL = "-O";
			};
			name = Release;
		};
		74447AD41EF6AD7400C428B9 /* Debug */ = {
			isa = XCBuildConfiguration;
			baseConfigurationReference = 4FCC6E4E1F84F8FE9D246495 /* Pods-Turbopad.debug.xcconfig */;
			buildSettings = {
				ASSETCATALOG_COMPILER_APPICON_NAME = AppIcon;
				CODE_SIGN_ENTITLEMENTS = Turbopad/Turbopad.entitlements;
				COMBINE_HIDPI_IMAGES = YES;
				DEAD_CODE_STRIPPING = YES;
				DEVELOPMENT_TEAM = Q7F46TQMX7;
				ENABLE_HARDENED_RUNTIME = YES;
				ENABLE_USER_SCRIPT_SANDBOXING = NO;
				INFOPLIST_FILE = Turbopad/Info.plist;
				INFOPLIST_KEY_CFBundleDisplayName = Turbopad;
				LD_RUNPATH_SEARCH_PATHS = (
					"$(inherited)",
					"@executable_path/../Frameworks",
				);
				MACOSX_DEPLOYMENT_TARGET = 11.5;
				PRODUCT_BUNDLE_IDENTIFIER = com.r00tman.Turbopad;
				PRODUCT_NAME = "$(TARGET_NAME)";
				SWIFT_COMPILATION_MODE = wholemodule;
				SWIFT_OPTIMIZATION_LEVEL = "-O";
				SWIFT_SWIFT3_OBJC_INFERENCE = Default;
				SWIFT_VERSION = 4.2;
			};
			name = Debug;
		};
		74447AD51EF6AD7400C428B9 /* Release */ = {
			isa = XCBuildConfiguration;
			baseConfigurationReference = 5542E743CB8118FB3F45BB91 /* Pods-Turbopad.release.xcconfig */;
			buildSettings = {
				ASSETCATALOG_COMPILER_APPICON_NAME = AppIcon;
				CODE_SIGN_ENTITLEMENTS = Turbopad/Turbopad.entitlements;
				COMBINE_HIDPI_IMAGES = YES;
				DEAD_CODE_STRIPPING = YES;
				DEVELOPMENT_TEAM = Q7F46TQMX7;
				ENABLE_HARDENED_RUNTIME = YES;
				ENABLE_USER_SCRIPT_SANDBOXING = NO;
				INFOPLIST_FILE = Turbopad/Info.plist;
				INFOPLIST_KEY_CFBundleDisplayName = Turbopad;
				LD_RUNPATH_SEARCH_PATHS = (
					"$(inherited)",
					"@executable_path/../Frameworks",
				);
				MACOSX_DEPLOYMENT_TARGET = 11.5;
				PRODUCT_BUNDLE_IDENTIFIER = com.r00tman.Turbopad;
				PRODUCT_NAME = "$(TARGET_NAME)";
				SWIFT_SWIFT3_OBJC_INFERENCE = Default;
				SWIFT_VERSION = 4.2;
			};
			name = Release;
		};
		74447AD71EF6AD7400C428B9 /* Debug */ = {
			isa = XCBuildConfiguration;
			baseConfigurationReference = 843C571E80EEEF5BF356F2DB /* Pods-TurbopadTests.debug.xcconfig */;
			buildSettings = {
				BUNDLE_LOADER = "$(TEST_HOST)";
				COMBINE_HIDPI_IMAGES = YES;
				DEAD_CODE_STRIPPING = YES;
				DEVELOPMENT_TEAM = Q7F46TQMX7;
				INFOPLIST_FILE = TurbopadTests/Info.plist;
				LD_RUNPATH_SEARCH_PATHS = (
					"$(inherited)",
					"@executable_path/../Frameworks",
					"@loader_path/../Frameworks",
				);
				MACOSX_DEPLOYMENT_TARGET = 11.0;
				PRODUCT_BUNDLE_IDENTIFIER = com.r00tman.TurbopadTests;
				PRODUCT_NAME = "$(TARGET_NAME)";
				SWIFT_SWIFT3_OBJC_INFERENCE = On;
				SWIFT_VERSION = 4.2;
				TEST_HOST = "$(BUILT_PRODUCTS_DIR)/Turbopad.app/Contents/MacOS/Turbopad";
			};
			name = Debug;
		};
		74447AD81EF6AD7400C428B9 /* Release */ = {
			isa = XCBuildConfiguration;
			baseConfigurationReference = 0013CDBAF3E6E5E9BF1DE546 /* Pods-TurbopadTests.release.xcconfig */;
			buildSettings = {
				BUNDLE_LOADER = "$(TEST_HOST)";
				COMBINE_HIDPI_IMAGES = YES;
				DEAD_CODE_STRIPPING = YES;
				DEVELOPMENT_TEAM = Q7F46TQMX7;
				INFOPLIST_FILE = TurbopadTests/Info.plist;
				LD_RUNPATH_SEARCH_PATHS = (
					"$(inherited)",
					"@executable_path/../Frameworks",
					"@loader_path/../Frameworks",
				);
				MACOSX_DEPLOYMENT_TARGET = 11.0;
				PRODUCT_BUNDLE_IDENTIFIER = com.r00tman.TurbopadTests;
				PRODUCT_NAME = "$(TARGET_NAME)";
				SWIFT_SWIFT3_OBJC_INFERENCE = On;
				SWIFT_VERSION = 4.2;
				TEST_HOST = "$(BUILT_PRODUCTS_DIR)/Turbopad.app/Contents/MacOS/Turbopad";
			};
			name = Release;
		};
		74447ADA1EF6AD7400C428B9 /* Debug */ = {
			isa = XCBuildConfiguration;
			baseConfigurationReference = 11B6C9C824A892DB78522392 /* Pods-TurbopadUITests.debug.xcconfig */;
			buildSettings = {
				COMBINE_HIDPI_IMAGES = YES;
				DEAD_CODE_STRIPPING = YES;
				DEVELOPMENT_TEAM = Q7F46TQMX7;
				INFOPLIST_FILE = TurbopadUITests/Info.plist;
				LD_RUNPATH_SEARCH_PATHS = (
					"$(inherited)",
					"@executable_path/../Frameworks",
					"@loader_path/../Frameworks",
				);
				MACOSX_DEPLOYMENT_TARGET = 11.0;
				PRODUCT_BUNDLE_IDENTIFIER = com.r00tman.TurbopadUITests;
				PRODUCT_NAME = "$(TARGET_NAME)";
				SWIFT_SWIFT3_OBJC_INFERENCE = On;
				SWIFT_VERSION = 4.2;
				TEST_TARGET_NAME = Turbopad;
			};
			name = Debug;
		};
		74447ADB1EF6AD7400C428B9 /* Release */ = {
			isa = XCBuildConfiguration;
			baseConfigurationReference = A2C5A07DD564FDBE9F1257C5 /* Pods-TurbopadUITests.release.xcconfig */;
			buildSettings = {
				COMBINE_HIDPI_IMAGES = YES;
				DEAD_CODE_STRIPPING = YES;
				DEVELOPMENT_TEAM = Q7F46TQMX7;
				INFOPLIST_FILE = TurbopadUITests/Info.plist;
				LD_RUNPATH_SEARCH_PATHS = (
					"$(inherited)",
					"@executable_path/../Frameworks",
					"@loader_path/../Frameworks",
				);
				MACOSX_DEPLOYMENT_TARGET = 11.0;
				PRODUCT_BUNDLE_IDENTIFIER = com.r00tman.TurbopadUITests;
				PRODUCT_NAME = "$(TARGET_NAME)";
				SWIFT_SWIFT3_OBJC_INFERENCE = On;
				SWIFT_VERSION = 4.2;
				TEST_TARGET_NAME = Turbopad;
			};
			name = Release;
		};
/* End XCBuildConfiguration section */

/* Begin XCConfigurationList section */
		74447AA81EF6AD7400C428B9 /* Build configuration list for PBXProject "Turbopad" */ = {
			isa = XCConfigurationList;
			buildConfigurations = (
				74447AD11EF6AD7400C428B9 /* Debug */,
				74447AD21EF6AD7400C428B9 /* Release */,
			);
			defaultConfigurationIsVisible = 0;
			defaultConfigurationName = Release;
		};
		74447AD31EF6AD7400C428B9 /* Build configuration list for PBXNativeTarget "Turbopad" */ = {
			isa = XCConfigurationList;
			buildConfigurations = (
				74447AD41EF6AD7400C428B9 /* Debug */,
				74447AD51EF6AD7400C428B9 /* Release */,
			);
			defaultConfigurationIsVisible = 0;
			defaultConfigurationName = Release;
		};
		74447AD61EF6AD7400C428B9 /* Build configuration list for PBXNativeTarget "TurbopadTests" */ = {
			isa = XCConfigurationList;
			buildConfigurations = (
				74447AD71EF6AD7400C428B9 /* Debug */,
				74447AD81EF6AD7400C428B9 /* Release */,
			);
			defaultConfigurationIsVisible = 0;
			defaultConfigurationName = Release;
		};
		74447AD91EF6AD7400C428B9 /* Build configuration list for PBXNativeTarget "TurbopadUITests" */ = {
			isa = XCConfigurationList;
			buildConfigurations = (
				74447ADA1EF6AD7400C428B9 /* Debug */,
				74447ADB1EF6AD7400C428B9 /* Release */,
			);
			defaultConfigurationIsVisible = 0;
			defaultConfigurationName = Release;
		};
/* End XCConfigurationList section */
	};
	rootObject = 74447AA51EF6AD7400C428B9 /* Project object */;
}
